
Microsoft Visual Studio Solution File, Format Version 12.00
# Visual Studio Version 16
VisualStudioVersion = 16.0.31424.327
MinimumVisualStudioVersion = 10.0.40219.1
Project("{9A19103F-16F7-4668-BE54-9A1E7A4F7556}") = "ServiceHost", "ServiceHost\ServiceHost.csproj", "{10B3FBC9-1BB8-44F1-8BA8-6E66CEF73DB1}"
EndProject
Project("{2150E333-8FDC-42A3-9474-1A3956D46DE8}") = "ShopManagement", "ShopManagement", "{694B43CC-FBF6-44CB-A5A8-B9EA671FA708}"
EndProject
Project("{9A19103F-16F7-4668-BE54-9A1E7A4F7556}") = "ShopManagement.Domain", "ShopManagement.Domain\ShopManagement.Domain.csproj", "{F7F0A222-B0AE-4CA3-92E2-8644C6249A7F}"
EndProject
Project("{9A19103F-16F7-4668-BE54-9A1E7A4F7556}") = "ShopManagement.Application", "ShopManagement.Application\ShopManagement.Application.csproj", "{B1F4DDCF-C944-4C24-AAAC-E2FAC1CEE645}"
EndProject
Project("{9A19103F-16F7-4668-BE54-9A1E7A4F7556}") = "ShopManagement.Application.Contract", "ShopManagement.Application.Contract\ShopManagement.Application.Contract.csproj", "{604FC6AC-2B1E-43BA-97B5-DB9EB891A4EC}"
EndProject
Project("{9A19103F-16F7-4668-BE54-9A1E7A4F7556}") = "ShopManagement.Infrastructure.EFCore", "ShopManagement.Infrastructure.EFCore\ShopManagement.Infrastructure.EFCore.csproj", "{99E77DE2-EF75-4CD5-A068-B53B17814BE5}"
EndProject
Project("{9A19103F-16F7-4668-BE54-9A1E7A4F7556}") = "ShopManagement.Configuration", "ShopManagement.Configuration\ShopManagement.Configuration.csproj", "{5005AF01-74D1-442A-B55F-D7934895BE4C}"
EndProject
Project("{9A19103F-16F7-4668-BE54-9A1E7A4F7556}") = "01_Framework", "01_Framework\01_Framework.csproj", "{E0916811-5C54-4605-A512-34A9B059FEC4}"
EndProject
Project("{2150E333-8FDC-42A3-9474-1A3956D46DE8}") = "SM.Application", "SM.Application", "{81AAD472-4509-467D-A1E3-A543DBCA4151}"
EndProject
Project("{2150E333-8FDC-42A3-9474-1A3956D46DE8}") = "SM.Domain", "SM.Domain", "{06CC52D0-1CB6-4BEB-806B-6CA3F69C933D}"
EndProject
Project("{2150E333-8FDC-42A3-9474-1A3956D46DE8}") = "SM.Infrastructure", "SM.Infrastructure", "{9E73BD6F-F946-4C61-B53A-4F8DDD06CCBF}"
EndProject
Project("{2150E333-8FDC-42A3-9474-1A3956D46DE8}") = "DiscountManagement", "DiscountManagement", "{26909C90-07B3-4F0D-BA4E-D277C7CE0A8D}"
EndProject
Project("{2150E333-8FDC-42A3-9474-1A3956D46DE8}") = "DM.Domain", "DM.Domain", "{2EC19CDE-72AC-4BD8-9E09-262EF5CB2F55}"
EndProject
Project("{2150E333-8FDC-42A3-9474-1A3956D46DE8}") = "DM.Infrastructure", "DM.Infrastructure", "{8D7A6510-3ED4-4575-BBE2-6D39A29A89BE}"
EndProject
Project("{2150E333-8FDC-42A3-9474-1A3956D46DE8}") = "DM.Application", "DM.Application", "{93747122-F168-4FC9-B6E8-DC709DD3D842}"
EndProject
Project("{9A19103F-16F7-4668-BE54-9A1E7A4F7556}") = "DiscountManagement.Domain", "DiscountManagement.Domain\DiscountManagement.Domain.csproj", "{3369F57F-B2BC-420B-8C7C-E03D7EB31C57}"
EndProject
Project("{9A19103F-16F7-4668-BE54-9A1E7A4F7556}") = "DiscountManagement.Application", "DiscountManagement.Application\DiscountManagement.Application.csproj", "{E89DE870-BC9D-4197-A261-7A5101E37F6C}"
EndProject
Project("{9A19103F-16F7-4668-BE54-9A1E7A4F7556}") = "DiscountManagement.Application.Contract", "DiscountManagement.Application.Contract\DiscountManagement.Application.Contract.csproj", "{2D56AE5A-C37C-4382-9586-11D74D1C65B1}"
EndProject
Project("{9A19103F-16F7-4668-BE54-9A1E7A4F7556}") = "DiscountManagement.Configuration", "DiscountManagement.Configuration\DiscountManagement.Configuration.csproj", "{71FC0355-C93E-450A-8EB3-D08E0C6F0245}"
EndProject
Project("{9A19103F-16F7-4668-BE54-9A1E7A4F7556}") = "DiscountManagement.Infrastructure.EFCore", "DiscountManagement.Infrastructure.EFCore\DiscountManagement.Infrastructure.EFCore.csproj", "{4832F707-7214-40AC-AB40-A53FB8E7110A}"
EndProject
Project("{2150E333-8FDC-42A3-9474-1A3956D46DE8}") = "InventoryManagement", "InventoryManagement", "{86076B80-BB88-49A8-8027-C016079E6CF6}"
EndProject
Project("{2150E333-8FDC-42A3-9474-1A3956D46DE8}") = "IM.Domain", "IM.Domain", "{1FF2B71D-2EBC-468E-A52A-9FF7BE5B256D}"
EndProject
Project("{2150E333-8FDC-42A3-9474-1A3956D46DE8}") = "IM.Application", "IM.Application", "{5718DC90-651C-482F-94A6-488CAF9416E2}"
EndProject
Project("{2150E333-8FDC-42A3-9474-1A3956D46DE8}") = "IM.Infrastructure", "IM.Infrastructure", "{A7492862-22DE-4375-B32B-7F652426F671}"
EndProject
Project("{9A19103F-16F7-4668-BE54-9A1E7A4F7556}") = "InventoryManagement.Domain", "InventoryManagement.Domain\InventoryManagement.Domain.csproj", "{4032EA70-6FCC-4F60-A78A-05629385F810}"
EndProject
Project("{9A19103F-16F7-4668-BE54-9A1E7A4F7556}") = "InventoryManagement.Application.Contract", "InventoryManagement.Application.Contract\InventoryManagement.Application.Contract.csproj", "{4BC55653-CB25-4FA4-90CC-F006AC1520D8}"
EndProject
Project("{9A19103F-16F7-4668-BE54-9A1E7A4F7556}") = "InventoryManagement.Application", "InventoryManagement.Application\InventoryManagement.Application.csproj", "{4BA3F73E-4B47-494A-87AD-1465B62AAB41}"
EndProject
Project("{9A19103F-16F7-4668-BE54-9A1E7A4F7556}") = "InventoryManagement.Configuration", "InventoryManagement.Configuration\InventoryManagement.Configuration.csproj", "{9384A3B8-A646-487A-A1C4-9EDFBAC4EBF0}"
EndProject
Project("{9A19103F-16F7-4668-BE54-9A1E7A4F7556}") = "InventoryManagement.Infrastructure.EFCore", "InventoryManagement.Infrastructure.EFCore\InventoryManagement.Infrastructure.EFCore.csproj", "{B057CBAC-37A1-48CF-B866-EA8F69C5943C}"
EndProject
Project("{9A19103F-16F7-4668-BE54-9A1E7A4F7556}") = "01_PedikalaQuery", "01_PedikalaQuery\01_PedikalaQuery.csproj", "{7F051C08-0D31-4B9D-B1DD-2D82C6B958C8}"
EndProject
Project("{2150E333-8FDC-42A3-9474-1A3956D46DE8}") = "CommentManagement", "CommentManagement", "{01C3B356-9A56-4CF0-9ACF-FCC6FA475C57}"
EndProject
Project("{2150E333-8FDC-42A3-9474-1A3956D46DE8}") = "CM.Domain", "CM.Domain", "{85EA1748-F271-472A-B607-0712A9273070}"
EndProject
Project("{2150E333-8FDC-42A3-9474-1A3956D46DE8}") = "CM.Infrastructure", "CM.Infrastructure", "{8820D47E-7AC7-40DB-BBDD-0D05151D86EE}"
EndProject
Project("{2150E333-8FDC-42A3-9474-1A3956D46DE8}") = "CM.Application", "CM.Application", "{D61A55DD-3DDC-46AE-9CA2-26ECB863A3DD}"
EndProject
Project("{FAE04EC0-301F-11D3-BF4B-00C04F79EFBC}") = "CommandManagement.Infrastructure.EFCore", "CommandManagement.Infrastructure.EFCore\CommandManagement.Infrastructure.EFCore.csproj", "{D4D73E0C-494C-4E93-A38C-FB2482B8BF49}"
EndProject
Project("{FAE04EC0-301F-11D3-BF4B-00C04F79EFBC}") = "CommandManagement.Domain", "CommandManagement.Domain\CommandManagement.Domain.csproj", "{48E47D00-89E9-4552-A785-39953FCE8EB5}"
EndProject
Project("{FAE04EC0-301F-11D3-BF4B-00C04F79EFBC}") = "CommandManagement.Application", "CommandManagement.Application\CommandManagement.Application.csproj", "{A1106AEB-96B7-4686-AF56-DB9D3ADD5770}"
EndProject
Project("{FAE04EC0-301F-11D3-BF4B-00C04F79EFBC}") = "CommandManagement.Application.Contract", "CommandManagement.Application.Contract\CommandManagement.Application.Contract.csproj", "{56F3F444-E3E9-420F-A7CF-8DA0D0D8C411}"
EndProject
Project("{FAE04EC0-301F-11D3-BF4B-00C04F79EFBC}") = "CommandManagement.Configuration", "CommandManagement.Configuration\CommandManagement.Configuration.csproj", "{351825AA-D748-4F34-AC96-1F192A1173B9}"
EndProject
Global
	GlobalSection(SolutionConfigurationPlatforms) = preSolution
		Debug|Any CPU = Debug|Any CPU
		Release|Any CPU = Release|Any CPU
	EndGlobalSection
	GlobalSection(ProjectConfigurationPlatforms) = postSolution
		{10B3FBC9-1BB8-44F1-8BA8-6E66CEF73DB1}.Debug|Any CPU.ActiveCfg = Debug|Any CPU
		{10B3FBC9-1BB8-44F1-8BA8-6E66CEF73DB1}.Debug|Any CPU.Build.0 = Debug|Any CPU
		{10B3FBC9-1BB8-44F1-8BA8-6E66CEF73DB1}.Release|Any CPU.ActiveCfg = Release|Any CPU
		{10B3FBC9-1BB8-44F1-8BA8-6E66CEF73DB1}.Release|Any CPU.Build.0 = Release|Any CPU
		{F7F0A222-B0AE-4CA3-92E2-8644C6249A7F}.Debug|Any CPU.ActiveCfg = Debug|Any CPU
		{F7F0A222-B0AE-4CA3-92E2-8644C6249A7F}.Debug|Any CPU.Build.0 = Debug|Any CPU
		{F7F0A222-B0AE-4CA3-92E2-8644C6249A7F}.Release|Any CPU.ActiveCfg = Release|Any CPU
		{F7F0A222-B0AE-4CA3-92E2-8644C6249A7F}.Release|Any CPU.Build.0 = Release|Any CPU
		{B1F4DDCF-C944-4C24-AAAC-E2FAC1CEE645}.Debug|Any CPU.ActiveCfg = Debug|Any CPU
		{B1F4DDCF-C944-4C24-AAAC-E2FAC1CEE645}.Debug|Any CPU.Build.0 = Debug|Any CPU
		{B1F4DDCF-C944-4C24-AAAC-E2FAC1CEE645}.Release|Any CPU.ActiveCfg = Release|Any CPU
		{B1F4DDCF-C944-4C24-AAAC-E2FAC1CEE645}.Release|Any CPU.Build.0 = Release|Any CPU
		{604FC6AC-2B1E-43BA-97B5-DB9EB891A4EC}.Debug|Any CPU.ActiveCfg = Debug|Any CPU
		{604FC6AC-2B1E-43BA-97B5-DB9EB891A4EC}.Debug|Any CPU.Build.0 = Debug|Any CPU
		{604FC6AC-2B1E-43BA-97B5-DB9EB891A4EC}.Release|Any CPU.ActiveCfg = Release|Any CPU
		{604FC6AC-2B1E-43BA-97B5-DB9EB891A4EC}.Release|Any CPU.Build.0 = Release|Any CPU
		{99E77DE2-EF75-4CD5-A068-B53B17814BE5}.Debug|Any CPU.ActiveCfg = Debug|Any CPU
		{99E77DE2-EF75-4CD5-A068-B53B17814BE5}.Debug|Any CPU.Build.0 = Debug|Any CPU
		{99E77DE2-EF75-4CD5-A068-B53B17814BE5}.Release|Any CPU.ActiveCfg = Release|Any CPU
		{99E77DE2-EF75-4CD5-A068-B53B17814BE5}.Release|Any CPU.Build.0 = Release|Any CPU
		{5005AF01-74D1-442A-B55F-D7934895BE4C}.Debug|Any CPU.ActiveCfg = Debug|Any CPU
		{5005AF01-74D1-442A-B55F-D7934895BE4C}.Debug|Any CPU.Build.0 = Debug|Any CPU
		{5005AF01-74D1-442A-B55F-D7934895BE4C}.Release|Any CPU.ActiveCfg = Release|Any CPU
		{5005AF01-74D1-442A-B55F-D7934895BE4C}.Release|Any CPU.Build.0 = Release|Any CPU
		{E0916811-5C54-4605-A512-34A9B059FEC4}.Debug|Any CPU.ActiveCfg = Debug|Any CPU
		{E0916811-5C54-4605-A512-34A9B059FEC4}.Debug|Any CPU.Build.0 = Debug|Any CPU
		{E0916811-5C54-4605-A512-34A9B059FEC4}.Release|Any CPU.ActiveCfg = Release|Any CPU
		{E0916811-5C54-4605-A512-34A9B059FEC4}.Release|Any CPU.Build.0 = Release|Any CPU
		{3369F57F-B2BC-420B-8C7C-E03D7EB31C57}.Debug|Any CPU.ActiveCfg = Debug|Any CPU
		{3369F57F-B2BC-420B-8C7C-E03D7EB31C57}.Debug|Any CPU.Build.0 = Debug|Any CPU
		{3369F57F-B2BC-420B-8C7C-E03D7EB31C57}.Release|Any CPU.ActiveCfg = Release|Any CPU
		{3369F57F-B2BC-420B-8C7C-E03D7EB31C57}.Release|Any CPU.Build.0 = Release|Any CPU
		{E89DE870-BC9D-4197-A261-7A5101E37F6C}.Debug|Any CPU.ActiveCfg = Debug|Any CPU
		{E89DE870-BC9D-4197-A261-7A5101E37F6C}.Debug|Any CPU.Build.0 = Debug|Any CPU
		{E89DE870-BC9D-4197-A261-7A5101E37F6C}.Release|Any CPU.ActiveCfg = Release|Any CPU
		{E89DE870-BC9D-4197-A261-7A5101E37F6C}.Release|Any CPU.Build.0 = Release|Any CPU
		{2D56AE5A-C37C-4382-9586-11D74D1C65B1}.Debug|Any CPU.ActiveCfg = Debug|Any CPU
		{2D56AE5A-C37C-4382-9586-11D74D1C65B1}.Debug|Any CPU.Build.0 = Debug|Any CPU
		{2D56AE5A-C37C-4382-9586-11D74D1C65B1}.Release|Any CPU.ActiveCfg = Release|Any CPU
		{2D56AE5A-C37C-4382-9586-11D74D1C65B1}.Release|Any CPU.Build.0 = Release|Any CPU
		{71FC0355-C93E-450A-8EB3-D08E0C6F0245}.Debug|Any CPU.ActiveCfg = Debug|Any CPU
		{71FC0355-C93E-450A-8EB3-D08E0C6F0245}.Debug|Any CPU.Build.0 = Debug|Any CPU
		{71FC0355-C93E-450A-8EB3-D08E0C6F0245}.Release|Any CPU.ActiveCfg = Release|Any CPU
		{71FC0355-C93E-450A-8EB3-D08E0C6F0245}.Release|Any CPU.Build.0 = Release|Any CPU
		{4832F707-7214-40AC-AB40-A53FB8E7110A}.Debug|Any CPU.ActiveCfg = Debug|Any CPU
		{4832F707-7214-40AC-AB40-A53FB8E7110A}.Debug|Any CPU.Build.0 = Debug|Any CPU
		{4832F707-7214-40AC-AB40-A53FB8E7110A}.Release|Any CPU.ActiveCfg = Release|Any CPU
		{4832F707-7214-40AC-AB40-A53FB8E7110A}.Release|Any CPU.Build.0 = Release|Any CPU
		{4032EA70-6FCC-4F60-A78A-05629385F810}.Debug|Any CPU.ActiveCfg = Debug|Any CPU
		{4032EA70-6FCC-4F60-A78A-05629385F810}.Debug|Any CPU.Build.0 = Debug|Any CPU
		{4032EA70-6FCC-4F60-A78A-05629385F810}.Release|Any CPU.ActiveCfg = Release|Any CPU
		{4032EA70-6FCC-4F60-A78A-05629385F810}.Release|Any CPU.Build.0 = Release|Any CPU
		{4BC55653-CB25-4FA4-90CC-F006AC1520D8}.Debug|Any CPU.ActiveCfg = Debug|Any CPU
		{4BC55653-CB25-4FA4-90CC-F006AC1520D8}.Debug|Any CPU.Build.0 = Debug|Any CPU
		{4BC55653-CB25-4FA4-90CC-F006AC1520D8}.Release|Any CPU.ActiveCfg = Release|Any CPU
		{4BC55653-CB25-4FA4-90CC-F006AC1520D8}.Release|Any CPU.Build.0 = Release|Any CPU
		{4BA3F73E-4B47-494A-87AD-1465B62AAB41}.Debug|Any CPU.ActiveCfg = Debug|Any CPU
		{4BA3F73E-4B47-494A-87AD-1465B62AAB41}.Debug|Any CPU.Build.0 = Debug|Any CPU
		{4BA3F73E-4B47-494A-87AD-1465B62AAB41}.Release|Any CPU.ActiveCfg = Release|Any CPU
		{4BA3F73E-4B47-494A-87AD-1465B62AAB41}.Release|Any CPU.Build.0 = Release|Any CPU
		{9384A3B8-A646-487A-A1C4-9EDFBAC4EBF0}.Debug|Any CPU.ActiveCfg = Debug|Any CPU
		{9384A3B8-A646-487A-A1C4-9EDFBAC4EBF0}.Debug|Any CPU.Build.0 = Debug|Any CPU
		{9384A3B8-A646-487A-A1C4-9EDFBAC4EBF0}.Release|Any CPU.ActiveCfg = Release|Any CPU
		{9384A3B8-A646-487A-A1C4-9EDFBAC4EBF0}.Release|Any CPU.Build.0 = Release|Any CPU
		{B057CBAC-37A1-48CF-B866-EA8F69C5943C}.Debug|Any CPU.ActiveCfg = Debug|Any CPU
		{B057CBAC-37A1-48CF-B866-EA8F69C5943C}.Debug|Any CPU.Build.0 = Debug|Any CPU
		{B057CBAC-37A1-48CF-B866-EA8F69C5943C}.Release|Any CPU.ActiveCfg = Release|Any CPU
		{B057CBAC-37A1-48CF-B866-EA8F69C5943C}.Release|Any CPU.Build.0 = Release|Any CPU
		{7F051C08-0D31-4B9D-B1DD-2D82C6B958C8}.Debug|Any CPU.ActiveCfg = Debug|Any CPU
		{7F051C08-0D31-4B9D-B1DD-2D82C6B958C8}.Debug|Any CPU.Build.0 = Debug|Any CPU
		{7F051C08-0D31-4B9D-B1DD-2D82C6B958C8}.Release|Any CPU.ActiveCfg = Release|Any CPU
		{7F051C08-0D31-4B9D-B1DD-2D82C6B958C8}.Release|Any CPU.Build.0 = Release|Any CPU
		{D4D73E0C-494C-4E93-A38C-FB2482B8BF49}.Debug|Any CPU.ActiveCfg = Debug|Any CPU
		{D4D73E0C-494C-4E93-A38C-FB2482B8BF49}.Debug|Any CPU.Build.0 = Debug|Any CPU
		{D4D73E0C-494C-4E93-A38C-FB2482B8BF49}.Release|Any CPU.ActiveCfg = Release|Any CPU
		{D4D73E0C-494C-4E93-A38C-FB2482B8BF49}.Release|Any CPU.Build.0 = Release|Any CPU
		{48E47D00-89E9-4552-A785-39953FCE8EB5}.Debug|Any CPU.ActiveCfg = Debug|Any CPU
		{48E47D00-89E9-4552-A785-39953FCE8EB5}.Debug|Any CPU.Build.0 = Debug|Any CPU
		{48E47D00-89E9-4552-A785-39953FCE8EB5}.Release|Any CPU.ActiveCfg = Release|Any CPU
		{48E47D00-89E9-4552-A785-39953FCE8EB5}.Release|Any CPU.Build.0 = Release|Any CPU
		{A1106AEB-96B7-4686-AF56-DB9D3ADD5770}.Debug|Any CPU.ActiveCfg = Debug|Any CPU
		{A1106AEB-96B7-4686-AF56-DB9D3ADD5770}.Debug|Any CPU.Build.0 = Debug|Any CPU
		{A1106AEB-96B7-4686-AF56-DB9D3ADD5770}.Release|Any CPU.ActiveCfg = Release|Any CPU
		{A1106AEB-96B7-4686-AF56-DB9D3ADD5770}.Release|Any CPU.Build.0 = Release|Any CPU
		{56F3F444-E3E9-420F-A7CF-8DA0D0D8C411}.Debug|Any CPU.ActiveCfg = Debug|Any CPU
		{56F3F444-E3E9-420F-A7CF-8DA0D0D8C411}.Debug|Any CPU.Build.0 = Debug|Any CPU
		{56F3F444-E3E9-420F-A7CF-8DA0D0D8C411}.Release|Any CPU.ActiveCfg = Release|Any CPU
		{56F3F444-E3E9-420F-A7CF-8DA0D0D8C411}.Release|Any CPU.Build.0 = Release|Any CPU
		{351825AA-D748-4F34-AC96-1F192A1173B9}.Debug|Any CPU.ActiveCfg = Debug|Any CPU
		{351825AA-D748-4F34-AC96-1F192A1173B9}.Debug|Any CPU.Build.0 = Debug|Any CPU
		{351825AA-D748-4F34-AC96-1F192A1173B9}.Release|Any CPU.ActiveCfg = Release|Any CPU
		{351825AA-D748-4F34-AC96-1F192A1173B9}.Release|Any CPU.Build.0 = Release|Any CPU
	EndGlobalSection
	GlobalSection(SolutionProperties) = preSolution
		HideSolutionNode = FALSE
	EndGlobalSection
	GlobalSection(NestedProjects) = preSolution
		{F7F0A222-B0AE-4CA3-92E2-8644C6249A7F} = {06CC52D0-1CB6-4BEB-806B-6CA3F69C933D}
		{B1F4DDCF-C944-4C24-AAAC-E2FAC1CEE645} = {81AAD472-4509-467D-A1E3-A543DBCA4151}
		{604FC6AC-2B1E-43BA-97B5-DB9EB891A4EC} = {81AAD472-4509-467D-A1E3-A543DBCA4151}
		{99E77DE2-EF75-4CD5-A068-B53B17814BE5} = {9E73BD6F-F946-4C61-B53A-4F8DDD06CCBF}
		{5005AF01-74D1-442A-B55F-D7934895BE4C} = {9E73BD6F-F946-4C61-B53A-4F8DDD06CCBF}
		{81AAD472-4509-467D-A1E3-A543DBCA4151} = {694B43CC-FBF6-44CB-A5A8-B9EA671FA708}
		{06CC52D0-1CB6-4BEB-806B-6CA3F69C933D} = {694B43CC-FBF6-44CB-A5A8-B9EA671FA708}
		{9E73BD6F-F946-4C61-B53A-4F8DDD06CCBF} = {694B43CC-FBF6-44CB-A5A8-B9EA671FA708}
		{2EC19CDE-72AC-4BD8-9E09-262EF5CB2F55} = {26909C90-07B3-4F0D-BA4E-D277C7CE0A8D}
		{8D7A6510-3ED4-4575-BBE2-6D39A29A89BE} = {26909C90-07B3-4F0D-BA4E-D277C7CE0A8D}
		{93747122-F168-4FC9-B6E8-DC709DD3D842} = {26909C90-07B3-4F0D-BA4E-D277C7CE0A8D}
		{3369F57F-B2BC-420B-8C7C-E03D7EB31C57} = {2EC19CDE-72AC-4BD8-9E09-262EF5CB2F55}
		{E89DE870-BC9D-4197-A261-7A5101E37F6C} = {93747122-F168-4FC9-B6E8-DC709DD3D842}
		{2D56AE5A-C37C-4382-9586-11D74D1C65B1} = {93747122-F168-4FC9-B6E8-DC709DD3D842}
		{71FC0355-C93E-450A-8EB3-D08E0C6F0245} = {8D7A6510-3ED4-4575-BBE2-6D39A29A89BE}
		{4832F707-7214-40AC-AB40-A53FB8E7110A} = {8D7A6510-3ED4-4575-BBE2-6D39A29A89BE}
		{1FF2B71D-2EBC-468E-A52A-9FF7BE5B256D} = {86076B80-BB88-49A8-8027-C016079E6CF6}
		{5718DC90-651C-482F-94A6-488CAF9416E2} = {86076B80-BB88-49A8-8027-C016079E6CF6}
		{A7492862-22DE-4375-B32B-7F652426F671} = {86076B80-BB88-49A8-8027-C016079E6CF6}
		{4032EA70-6FCC-4F60-A78A-05629385F810} = {1FF2B71D-2EBC-468E-A52A-9FF7BE5B256D}
		{4BC55653-CB25-4FA4-90CC-F006AC1520D8} = {5718DC90-651C-482F-94A6-488CAF9416E2}
		{4BA3F73E-4B47-494A-87AD-1465B62AAB41} = {5718DC90-651C-482F-94A6-488CAF9416E2}
		{9384A3B8-A646-487A-A1C4-9EDFBAC4EBF0} = {A7492862-22DE-4375-B32B-7F652426F671}
		{B057CBAC-37A1-48CF-B866-EA8F69C5943C} = {A7492862-22DE-4375-B32B-7F652426F671}
		{85EA1748-F271-472A-B607-0712A9273070} = {01C3B356-9A56-4CF0-9ACF-FCC6FA475C57}
		{8820D47E-7AC7-40DB-BBDD-0D05151D86EE} = {01C3B356-9A56-4CF0-9ACF-FCC6FA475C57}
		{D61A55DD-3DDC-46AE-9CA2-26ECB863A3DD} = {01C3B356-9A56-4CF0-9ACF-FCC6FA475C57}
		{D4D73E0C-494C-4E93-A38C-FB2482B8BF49} = {8820D47E-7AC7-40DB-BBDD-0D05151D86EE}
		{48E47D00-89E9-4552-A785-39953FCE8EB5} = {85EA1748-F271-472A-B607-0712A9273070}
		{A1106AEB-96B7-4686-AF56-DB9D3ADD5770} = {D61A55DD-3DDC-46AE-9CA2-26ECB863A3DD}
		{56F3F444-E3E9-420F-A7CF-8DA0D0D8C411} = {D61A55DD-3DDC-46AE-9CA2-26ECB863A3DD}
		{351825AA-D748-4F34-AC96-1F192A1173B9} = {8820D47E-7AC7-40DB-BBDD-0D05151D86EE}
	EndGlobalSection
	GlobalSection(ExtensibilityGlobals) = postSolution
		SolutionGuid = {601AE53F-9163-4DE8-9CEB-4B94532DB0C9}
	EndGlobalSection
EndGlobal
